
Microsoft Visual Studio Solution File, Format Version 12.00
# Visual Studio Version 17
VisualStudioVersion = 17.14.36221.1 d17.14
MinimumVisualStudioVersion = 10.0.40219.1
Project("{FAE04EC0-301F-11D3-BF4B-00C04F79EFBC}") = "BookStoreEcommerce", "BookStoreEcommerce.csproj", "{545E1F05-5F42-4CB0-963E-D4AAAAAC5A2F}"
EndProject
Global
	GlobalSection(SolutionConfigurationPlatforms) = preSolution
		Debug|Any CPU = Debug|Any CPU
		Release|Any CPU = Release|Any CPU
	EndGlobalSection
	GlobalSection(ProjectConfigurationPlatforms) = postSolution
		{545E1F05-5F42-4CB0-963E-D4AAAAAC5A2F}.Debug|Any CPU.ActiveCfg = Debug|Any CPU
		{545E1F05-5F42-4CB0-963E-D4AAAAAC5A2F}.Debug|Any CPU.Build.0 = Debug|Any CPU
		{545E1F05-5F42-4CB0-963E-D4AAAAAC5A2F}.Release|Any CPU.ActiveCfg = Release|Any CPU
		{545E1F05-5F42-4CB0-963E-D4AAAAAC5A2F}.Release|Any CPU.Build.0 = Release|Any CPU
	EndGlobalSection
	GlobalSection(SolutionProperties) = preSolution
		HideSolutionNode = FALSE
	EndGlobalSection
	GlobalSection(ExtensibilityGlobals) = postSolution
		SolutionGuid = {F2852338-1B3C-4749-8A23-8F740B8718DA}
	EndGlobalSection
EndGlobal
